
Microsoft Visual Studio Solution File, Format Version 12.00
# Visual Studio Version 16
VisualStudioVersion = 16.0.32002.261
MinimumVisualStudioVersion = 10.0.40219.1
Project("{FAE04EC0-301F-11D3-BF4B-00C04F79EFBC}") = "Task1", "Task1\Task1.csproj", "{4CDFBF28-0D7E-4CB4-8595-C25B09812C7E}"
EndProject
Global
	GlobalSection(SolutionConfigurationPlatforms) = preSolution
		Debug|Any CPU = Debug|Any CPU
		Release|Any CPU = Release|Any CPU
	EndGlobalSection
	GlobalSection(ProjectConfigurationPlatforms) = postSolution
		{4CDFBF28-0D7E-4CB4-8595-C25B09812C7E}.Debug|Any CPU.ActiveCfg = Debug|Any CPU
		{4CDFBF28-0D7E-4CB4-8595-C25B09812C7E}.Debug|Any CPU.Build.0 = Debug|Any CPU
		{4CDFBF28-0D7E-4CB4-8595-C25B09812C7E}.Debug|Any CPU.Deploy.0 = Debug|Any CPU
		{4CDFBF28-0D7E-4CB4-8595-C25B09812C7E}.Release|Any CPU.ActiveCfg = Release|Any CPU
		{4CDFBF28-0D7E-4CB4-8595-C25B09812C7E}.Release|Any CPU.Build.0 = Release|Any CPU
		{4CDFBF28-0D7E-4CB4-8595-C25B09812C7E}.Release|Any CPU.Deploy.0 = Release|Any CPU
	EndGlobalSection
	GlobalSection(SolutionProperties) = preSolution
		HideSolutionNode = FALSE
	EndGlobalSection
	GlobalSection(ExtensibilityGlobals) = postSolution
		SolutionGuid = {479F29C7-4550-468D-9E94-A858289F2CC0}
	EndGlobalSection
EndGlobal
